// !$*UTF8*$!
{
	archiveVersion = 1;
	classes = {
	};
	objectVersion = 50;
	objects = {

/* Begin PBXBuildFile section */
		CEEB26C7256FEE5B00BCFDB8 /* AppDelegate.swift in Sources */ = {isa = PBXBuildFile; fileRef = CEEB26C6256FEE5B00BCFDB8 /* AppDelegate.swift */; };
		CEEB26C9256FEE5B00BCFDB8 /* SceneDelegate.swift in Sources */ = {isa = PBXBuildFile; fileRef = CEEB26C8256FEE5B00BCFDB8 /* SceneDelegate.swift */; };
		CEEB26CB256FEE5B00BCFDB8 /* ViewController.swift in Sources */ = {isa = PBXBuildFile; fileRef = CEEB26CA256FEE5B00BCFDB8 /* ViewController.swift */; };
		CEEB26CE256FEE5B00BCFDB8 /* Main.storyboard in Resources */ = {isa = PBXBuildFile; fileRef = CEEB26CC256FEE5B00BCFDB8 /* Main.storyboard */; };
		CEEB26D0256FEE5D00BCFDB8 /* Assets.xcassets in Resources */ = {isa = PBXBuildFile; fileRef = CEEB26CF256FEE5D00BCFDB8 /* Assets.xcassets */; };
		CEEB26D3256FEE5D00BCFDB8 /* LaunchScreen.storyboard in Resources */ = {isa = PBXBuildFile; fileRef = CEEB26D1256FEE5D00BCFDB8 /* LaunchScreen.storyboard */; };
/* End PBXBuildFile section */

/* Begin PBXFileReference section */
		CEEB26C3256FEE5B00BCFDB8 /* viewColorChange.app */ = {isa = PBXFileReference; explicitFileType = wrapper.application; includeInIndex = 0; path = viewColorChange.app; sourceTree = BUILT_PRODUCTS_DIR; };
		CEEB26C6256FEE5B00BCFDB8 /* AppDelegate.swift */ = {isa = PBXFileReference; lastKnownFileType = sourcecode.swift; path = AppDelegate.swift; sourceTree = "<group>"; };
		CEEB26C8256FEE5B00BCFDB8 /* SceneDelegate.swift */ = {isa = PBXFileReference; lastKnownFileType = sourcecode.swift; path = SceneDelegate.swift; sourceTree = "<group>"; };
		CEEB26CA256FEE5B00BCFDB8 /* ViewController.swift */ = {isa = PBXFileReference; lastKnownFileType = sourcecode.swift; path = ViewController.swift; sourceTree = "<group>"; };
		CEEB26CD256FEE5B00BCFDB8 /* Base */ = {isa = PBXFileReference; lastKnownFileType = file.storyboard; name = Base; path = Base.lproj/Main.storyboard; sourceTree = "<group>"; };
		CEEB26CF256FEE5D00BCFDB8 /* Assets.xcassets */ = {isa = PBXFileReference; lastKnownFileType = folder.assetcatalog; path = Assets.xcassets; sourceTree = "<group>"; };
		CEEB26D2256FEE5D00BCFDB8 /* Base */ = {isa = PBXFileReference; lastKnownFileType = file.storyboard; name = Base; path = Base.lproj/LaunchScreen.storyboard; sourceTree = "<group>"; };
		CEEB26D4256FEE5D00BCFDB8 /* Info.plist */ = {isa = PBXFileReference; lastKnownFileType = text.plist.xml; path = Info.plist; sourceTree = "<group>"; };
/* End PBXFileReference section */

/* Begin PBXFrameworksBuildPhase section */
		CEEB26C0256FEE5B00BCFDB8 /* Frameworks */ = {
			isa = PBXFrameworksBuildPhase;
			buildActionMask = 2147483647;
			files = (
			);
			runOnlyForDeploymentPostprocessing = 0;
		};
/* End PBXFrameworksBuildPhase section */

/* Begin PBXGroup section */
		CEEB26BA256FEE5B00BCFDB8 = {
			isa = PBXGroup;
			children = (
				CEEB26C5256FEE5B00BCFDB8 /* viewColorChange */,
				CEEB26C4256FEE5B00BCFDB8 /* Products */,
			);
			sourceTree = "<group>";
		};
		CEEB26C4256FEE5B00BCFDB8 /* Products */ = {
			isa = PBXGroup;
			children = (
				CEEB26C3256FEE5B00BCFDB8 /* viewColorChange.app */,
			);
			name = Products;
			sourceTree = "<group>";
		};
		CEEB26C5256FEE5B00BCFDB8 /* viewColorChange */ = {
			isa = PBXGroup;
			children = (
				CEEB26C6256FEE5B00BCFDB8 /* AppDelegate.swift */,
				CEEB26C8256FEE5B00BCFDB8 /* SceneDelegate.swift */,
				CEEB26CA256FEE5B00BCFDB8 /* ViewController.swift */,
				CEEB26CC256FEE5B00BCFDB8 /* Main.storyboard */,
				CEEB26CF256FEE5D00BCFDB8 /* Assets.xcassets */,
				CEEB26D1256FEE5D00BCFDB8 /* LaunchScreen.storyboard */,
				CEEB26D4256FEE5D00BCFDB8 /* Info.plist */,
			);
			path = viewColorChange;
			sourceTree = "<group>";
		};
/* End PBXGroup section */

/* Begin PBXNativeTarget section */
		CEEB26C2256FEE5B00BCFDB8 /* viewColorChange */ = {
			isa = PBXNativeTarget;
			buildConfigurationList = CEEB26D7256FEE5D00BCFDB8 /* Build configuration list for PBXNativeTarget "viewColorChange" */;
			buildPhases = (
				CEEB26BF256FEE5B00BCFDB8 /* Sources */,
				CEEB26C0256FEE5B00BCFDB8 /* Frameworks */,
				CEEB26C1256FEE5B00BCFDB8 /* Resources */,
			);
			buildRules = (
			);
			dependencies = (
			);
			name = viewColorChange;
			productName = viewColorChange;
			productReference = CEEB26C3256FEE5B00BCFDB8 /* viewColorChange.app */;
			productType = "com.apple.product-type.application";
		};
/* End PBXNativeTarget section */

/* Begin PBXProject section */
		CEEB26BB256FEE5B00BCFDB8 /* Project object */ = {
			isa = PBXProject;
			attributes = {
				LastSwiftUpdateCheck = 1220;
				LastUpgradeCheck = 1220;
				TargetAttributes = {
					CEEB26C2256FEE5B00BCFDB8 = {
						CreatedOnToolsVersion = 12.2;
					};
				};
			};
			buildConfigurationList = CEEB26BE256FEE5B00BCFDB8 /* Build configuration list for PBXProject "viewColorChange" */;
			compatibilityVersion = "Xcode 9.3";
			developmentRegion = en;
			hasScannedForEncodings = 0;
			knownRegions = (
				en,
				Base,
			);
			mainGroup = CEEB26BA256FEE5B00BCFDB8;
			productRefGroup = CEEB26C4256FEE5B00BCFDB8 /* Products */;
			projectDirPath = "";
			projectRoot = "";
			targets = (
				CEEB26C2256FEE5B00BCFDB8 /* viewColorChange */,
			);
		};
/* End PBXProject section */

/* Begin PBXResourcesBuildPhase section */
		CEEB26C1256FEE5B00BCFDB8 /* Resources */ = {
			isa = PBXResourcesBuildPhase;
			buildActionMask = 2147483647;
			files = (
				CEEB26D3256FEE5D00BCFDB8 /* LaunchScreen.storyboard in Resources */,
				CEEB26D0256FEE5D00BCFDB8 /* Assets.xcassets in Resources */,
				CEEB26CE256FEE5B00BCFDB8 /* Main.storyboard in Resources */,
			);
			runOnlyForDeploymentPostprocessing = 0;
		};
/* End PBXResourcesBuildPhase section */

/* Begin PBXSourcesBuildPhase section */
		CEEB26BF256FEE5B00BCFDB8 /* Sources */ = {
			isa = PBXSourcesBuildPhase;
			buildActionMask = 2147483647;
			files = (
				CEEB26CB256FEE5B00BCFDB8 /* ViewController.swift in Sources */,
				CEEB26C7256FEE5B00BCFDB8 /* AppDelegate.swift in Sources */,
				CEEB26C9256FEE5B00BCFDB8 /* SceneDelegate.swift in Sources */,
			);
			runOnlyForDeploymentPostprocessing = 0;
		};
/* End PBXSourcesBuildPhase section */

/* Begin PBXVariantGroup section */
		CEEB26CC256FEE5B00BCFDB8 /* Main.storyboard */ = {
			isa = PBXVariantGroup;
			children = (
				CEEB26CD256FEE5B00BCFDB8 /* Base */,
			);
			name = Main.storyboard;
			sourceTree = "<group>";
		};
		CEEB26D1256FEE5D00BCFDB8 /* LaunchScreen.storyboard */ = {
			isa = PBXVariantGroup;
			children = (
				CEEB26D2256FEE5D00BCFDB8 /* Base */,
			);
			name = LaunchScreen.storyboard;
			sourceTree = "<group>";
		};
/* End PBXVariantGroup section */

/* Begin XCBuildConfiguration section */
		CEEB26D5256FEE5D00BCFDB8 /* Debug */ = {
			isa = XCBuildConfiguration;
			buildSettings = {
				ALWAYS_SEARCH_USER_PATHS = NO;
				CLANG_ANALYZER_NONNULL = YES;
				CLANG_ANALYZER_NUMBER_OBJECT_CONVERSION = YES_AGGRESSIVE;
				CLANG_CXX_LANGUAGE_STANDARD = "gnu++14";
				CLANG_CXX_LIBRARY = "libc++";
				CLANG_ENABLE_MODULES = YES;
				CLANG_ENABLE_OBJC_ARC = YES;
				CLANG_ENABLE_OBJC_WEAK = YES;
				CLANG_WARN_BLOCK_CAPTURE_AUTORELEASING = YES;
				CLANG_WARN_BOOL_CONVERSION = YES;
				CLANG_WARN_COMMA = YES;
				CLANG_WARN_CONSTANT_CONVERSION = YES;
				CLANG_WARN_DEPRECATED_OBJC_IMPLEMENTATIONS = YES;
				CLANG_WARN_DIRECT_OBJC_ISA_USAGE = YES_ERROR;
				CLANG_WARN_DOCUMENTATION_COMMENTS = YES;
				CLANG_WARN_EMPTY_BODY = YES;
				CLANG_WARN_ENUM_CONVERSION = YES;
				CLANG_WARN_INFINITE_RECURSION = YES;
				CLANG_WARN_INT_CONVERSION = YES;
				CLANG_WARN_NON_LITERAL_NULL_CONVERSION = YES;
				CLANG_WARN_OBJC_IMPLICIT_RETAIN_SELF = YES;
				CLANG_WARN_OBJC_LITERAL_CONVERSION = YES;
				CLANG_WARN_OBJC_ROOT_CLASS = YES_ERROR;
				CLANG_WARN_QUOTED_INCLUDE_IN_FRAMEWORK_HEADER = YES;
				CLANG_WARN_RANGE_LOOP_ANALYSIS = YES;
				CLANG_WARN_STRICT_PROTOTYPES = YES;
				CLANG_WARN_SUSPICIOUS_MOVE = YES;
				CLANG_WARN_UNGUARDED_AVAILABILITY = YES_AGGRESSIVE;
				CLANG_WARN_UNREACHABLE_CODE = YES;
				CLANG_WARN__DUPLICATE_METHOD_MATCH = YES;
				COPY_PHASE_STRIP = NO;
				DEBUG_INFORMATION_FORMAT = dwarf;
				ENABLE_STRICT_OBJC_MSGSEND = YES;
				ENABLE_TESTABILITY = YES;
				GCC_C_LANGUAGE_STANDARD = gnu11;
				GCC_DYNAMIC_NO_PIC = NO;
				GCC_NO_COMMON_BLOCKS = YES;
				GCC_OPTIMIZATION_LEVEL = 0;
				GCC_PREPROCESSOR_DEFINITIONS = (
					"DEBUG=1",
					"$(inherited)",
				);
				GCC_WARN_64_TO_32_BIT_CONVERSION = YES;
				GCC_WARN_ABOUT_RETURN_TYPE = YES_ERROR;
				GCC_WARN_UNDECLARED_SELECTOR = YES;
				GCC_WARN_UNINITIALIZED_AUTOS = YES_AGGRESSIVE;
				GCC_WARN_UNUSED_FUNCTION = YES;
				GCC_WARN_UNUSED_VARIABLE = YES;
				IPHONEOS_DEPLOYMENT_TARGET = 14.2;
				MTL_ENABLE_DEBUG_INFO = INCLUDE_SOURCE;
				MTL_FAST_MATH = YES;
				ONLY_ACTIVE_ARCH = YES;
				SDKROOT = iphoneos;
				SWIFT_ACTIVE_COMPILATION_CONDITIONS = DEBUG;
				SWIFT_OPTIMIZATION_LEVEL = "-Onone";
			};
			name = Debug;
		};
		CEEB26D6256FEE5D00BCFDB8 /* Release */ = {
			isa = XCBuildConfiguration;
			buildSettings = {
				ALWAYS_SEARCH_USER_PATHS = NO;
				CLANG_ANALYZER_NONNULL = YES;
				CLANG_ANALYZER_NUMBER_OBJECT_CONVERSION = YES_AGGRESSIVE;
				CLANG_CXX_LANGUAGE_STANDARD = "gnu++14";
				CLANG_CXX_LIBRARY = "libc++";
				CLANG_ENABLE_MODULES = YES;
				CLANG_ENABLE_OBJC_ARC = YES;
				CLANG_ENABLE_OBJC_WEAK = YES;
				CLANG_WARN_BLOCK_CAPTURE_AUTORELEASING = YES;
				CLANG_WARN_BOOL_CONVERSION = YES;
				CLANG_WARN_COMMA = YES;
				CLANG_WARN_CONSTANT_CONVERSION = YES;
				CLANG_WARN_DEPRECATED_OBJC_IMPLEMENTATIONS = YES;
				CLANG_WARN_DIRECT_OBJC_ISA_USAGE = YES_ERROR;
				CLANG_WARN_DOCUMENTATION_COMMENTS = YES;
				CLANG_WARN_EMPTY_BODY = YES;
				CLANG_WARN_ENUM_CONVERSION = YES;
				CLANG_WARN_INFINITE_RECURSION = YES;
				CLANG_WARN_INT_CONVERSION = YES;
				CLANG_WARN_NON_LITERAL_NULL_CONVERSION = YES;
				CLANG_WARN_OBJC_IMPLICIT_RETAIN_SELF = YES;
				CLANG_WARN_OBJC_LITERAL_CONVERSION = YES;
				CLANG_WARN_OBJC_ROOT_CLASS = YES_ERROR;
				CLANG_WARN_QUOTED_INCLUDE_IN_FRAMEWORK_HEADER = YES;
				CLANG_WARN_RANGE_LOOP_ANALYSIS = YES;
				CLANG_WARN_STRICT_PROTOTYPES = YES;
				CLANG_WARN_SUSPICIOUS_MOVE = YES;
				CLANG_WARN_UNGUARDED_AVAILABILITY = YES_AGGRESSIVE;
				CLANG_WARN_UNREACHABLE_CODE = YES;
				CLANG_WARN__DUPLICATE_METHOD_MATCH = YES;
				COPY_PHASE_STRIP = NO;
				DEBUG_INFORMATION_FORMAT = "dwarf-with-dsym";
				ENABLE_NS_ASSERTIONS = NO;
				ENABLE_STRICT_OBJC_MSGSEND = YES;
				GCC_C_LANGUAGE_STANDARD = gnu11;
				GCC_NO_COMMON_BLOCKS = YES;
				GCC_WARN_64_TO_32_BIT_CONVERSION = YES;
				GCC_WARN_ABOUT_RETURN_TYPE = YES_ERROR;
				GCC_WARN_UNDECLARED_SELECTOR = YES;
				GCC_WARN_UNINITIALIZED_AUTOS = YES_AGGRESSIVE;
				GCC_WARN_UNUSED_FUNCTION = YES;
				GCC_WARN_UNUSED_VARIABLE = YES;
				IPHONEOS_DEPLOYMENT_TARGET = 14.2;
				MTL_ENABLE_DEBUG_INFO = NO;
				MTL_FAST_MATH = YES;
				SDKROOT = iphoneos;
				SWIFT_COMPILATION_MODE = wholemodule;
				SWIFT_OPTIMIZATION_LEVEL = "-O";
				VALIDATE_PRODUCT = YES;
			};
			name = Release;
		};
		CEEB26D8256FEE5D00BCFDB8 /* Debug */ = {
			isa = XCBuildConfiguration;
			buildSettings = {
				ASSETCATALOG_COMPILER_APPICON_NAME = AppIcon;
				ASSETCATALOG_COMPILER_GLOBAL_ACCENT_COLOR_NAME = AccentColor;
				CODE_SIGN_STYLE = Automatic;
				DEVELOPMENT_TEAM = JMW54BBPD3;
				INFOPLIST_FILE = viewColorChange/Info.plist;
				LD_RUNPATH_SEARCH_PATHS = (
					"$(inherited)",
					"@executable_path/Frameworks",
				);
				PRODUCT_BUNDLE_IDENTIFIER = "Pavel-Ausianikau.viewColorChange";
				PRODUCT_NAME = "$(TARGET_NAME)";
				SWIFT_VERSION = 5.0;
				TARGETED_DEVICE_FAMILY = "1,2";
			};
			name = Debug;
		};
		CEEB26D9256FEE5D00BCFDB8 /* Release */ = {
			isa = XCBuildConfiguration;
			buildSettings = {
				ASSETCATALOG_COMPILER_APPICON_NAME = AppIcon;
				ASSETCATALOG_COMPILER_GLOBAL_ACCENT_COLOR_NAME = AccentColor;
				CODE_SIGN_STYLE = Automatic;
				DEVELOPMENT_TEAM = JMW54BBPD3;
				INFOPLIST_FILE = viewColorChange/Info.plist;
				LD_RUNPATH_SEARCH_PATHS = (
					"$(inherited)",
					"@executable_path/Frameworks",
				);
				PRODUCT_BUNDLE_IDENTIFIER = "Pavel-Ausianikau.viewColorChange";
				PRODUCT_NAME = "$(TARGET_NAME)";
				SWIFT_VERSION = 5.0;
				TARGETED_DEVICE_FAMILY = "1,2";
			};
			name = Release;
		};
/* End XCBuildConfiguration section */

/* Begin XCConfigurationList section */
		CEEB26BE256FEE5B00BCFDB8 /* Build configuration list for PBXProject "viewColorChange" */ = {
			isa = XCConfigurationList;
			buildConfigurations = (
				CEEB26D5256FEE5D00BCFDB8 /* Debug */,
				CEEB26D6256FEE5D00BCFDB8 /* Release */,
			);
			defaultConfigurationIsVisible = 0;
			defaultConfigurationName = Release;
		};
		CEEB26D7256FEE5D00BCFDB8 /* Build configuration list for PBXNativeTarget "viewColorChange" */ = {
			isa = XCConfigurationList;
			buildConfigurations = (
				CEEB26D8256FEE5D00BCFDB8 /* Debug */,
				CEEB26D9256FEE5D00BCFDB8 /* Release */,
			);
			defaultConfigurationIsVisible = 0;
			defaultConfigurationName = Release;
		};
/* End XCConfigurationList section */
	};
	rootObject = CEEB26BB256FEE5B00BCFDB8 /* Project object */;
}
